
Microsoft Visual Studio Solution File, Format Version 12.00
# Visual Studio Version 17
VisualStudioVersion = 17.4.33103.184
MinimumVisualStudioVersion = 10.0.40219.1
Project("{FAE04EC0-301F-11D3-BF4B-00C04F79EFBC}") = "Monogame Lesson 4 - Time and Sound", "Monogame Lesson 4 - Time and Sound\Monogame Lesson 4 - Time and Sound.csproj", "{8C9FBBB7-FC6A-408E-B0BD-90F1D5C63100}"
EndProject
Global
	GlobalSection(SolutionConfigurationPlatforms) = preSolution
		Debug|Any CPU = Debug|Any CPU
		Release|Any CPU = Release|Any CPU
	EndGlobalSection
	GlobalSection(ProjectConfigurationPlatforms) = postSolution
		{8C9FBBB7-FC6A-408E-B0BD-90F1D5C63100}.Debug|Any CPU.ActiveCfg = Debug|Any CPU
		{8C9FBBB7-FC6A-408E-B0BD-90F1D5C63100}.Debug|Any CPU.Build.0 = Debug|Any CPU
		{8C9FBBB7-FC6A-408E-B0BD-90F1D5C63100}.Release|Any CPU.ActiveCfg = Release|Any CPU
		{8C9FBBB7-FC6A-408E-B0BD-90F1D5C63100}.Release|Any CPU.Build.0 = Release|Any CPU
	EndGlobalSection
	GlobalSection(SolutionProperties) = preSolution
		HideSolutionNode = FALSE
	EndGlobalSection
	GlobalSection(ExtensibilityGlobals) = postSolution
		SolutionGuid = {19173ADA-97B9-4AD7-803A-95111555C5BC}
	EndGlobalSection
EndGlobal
